
Microsoft Visual Studio Solution File, Format Version 12.00
# Visual Studio Express 2012 for Windows Desktop
Project("{FAE04EC0-301F-11D3-BF4B-00C04F79EFBC}") = "sdp-test", "sdp-test\sdp-test.csproj", "{6868E29C-7695-4E10-BE8D-AA8B33F62667}"
EndProject
Project("{FAE04EC0-301F-11D3-BF4B-00C04F79EFBC}") = "Tmds.Sdp", "Tmds.Sdp\Tmds.Sdp.csproj", "{DEF92FB1-4EFB-4A18-9F98-2FF39B916922}"
EndProject
Global
	GlobalSection(SolutionConfigurationPlatforms) = preSolution
		Debug|Any CPU = Debug|Any CPU
		Release|Any CPU = Release|Any CPU
	EndGlobalSection
	GlobalSection(ProjectConfigurationPlatforms) = postSolution
		{6868E29C-7695-4E10-BE8D-AA8B33F62667}.Debug|Any CPU.ActiveCfg = Debug|Any CPU
		{6868E29C-7695-4E10-BE8D-AA8B33F62667}.Debug|Any CPU.Build.0 = Debug|Any CPU
		{6868E29C-7695-4E10-BE8D-AA8B33F62667}.Release|Any CPU.ActiveCfg = Release|Any CPU
		{6868E29C-7695-4E10-BE8D-AA8B33F62667}.Release|Any CPU.Build.0 = Release|Any CPU
		{DEF92FB1-4EFB-4A18-9F98-2FF39B916922}.Debug|Any CPU.ActiveCfg = Debug|Any CPU
		{DEF92FB1-4EFB-4A18-9F98-2FF39B916922}.Debug|Any CPU.Build.0 = Debug|Any CPU
		{DEF92FB1-4EFB-4A18-9F98-2FF39B916922}.Release|Any CPU.ActiveCfg = Release|Any CPU
		{DEF92FB1-4EFB-4A18-9F98-2FF39B916922}.Release|Any CPU.Build.0 = Release|Any CPU
	EndGlobalSection
	GlobalSection(SolutionProperties) = preSolution
		HideSolutionNode = FALSE
	EndGlobalSection
EndGlobal
